
Microsoft Visual Studio Solution File, Format Version 12.00
# Visual Studio Version 16
VisualStudioVersion = 16.0.808.9
MinimumVisualStudioVersion = 10.0.40219.1
Project("{FAE04EC0-301F-11D3-BF4B-00C04F79EFBC}") = "MyGram", "MyGram\MyGram.csproj", "{EBA795FF-5EC6-4BAB-89D8-8F2B0219161A}"
EndProject
Global
	GlobalSection(SolutionConfigurationPlatforms) = preSolution
		Debug|Any CPU = Debug|Any CPU
		Release|Any CPU = Release|Any CPU
	EndGlobalSection
	GlobalSection(ProjectConfigurationPlatforms) = postSolution
		{EBA795FF-5EC6-4BAB-89D8-8F2B0219161A}.Debug|Any CPU.ActiveCfg = Debug|Any CPU
		{EBA795FF-5EC6-4BAB-89D8-8F2B0219161A}.Debug|Any CPU.Build.0 = Debug|Any CPU
		{EBA795FF-5EC6-4BAB-89D8-8F2B0219161A}.Release|Any CPU.ActiveCfg = Release|Any CPU
		{EBA795FF-5EC6-4BAB-89D8-8F2B0219161A}.Release|Any CPU.Build.0 = Release|Any CPU
	EndGlobalSection
	GlobalSection(SolutionProperties) = preSolution
		HideSolutionNode = FALSE
	EndGlobalSection
	GlobalSection(ExtensibilityGlobals) = postSolution
		SolutionGuid = {227A0F98-2900-4A25-8FE2-60409AA1FCA1}
	EndGlobalSection
EndGlobal
