
Microsoft Visual Studio Solution File, Format Version 12.00
# Visual Studio Version 16
VisualStudioVersion = 16.0.808.9
MinimumVisualStudioVersion = 10.0.40219.1
Project("{FAE04EC0-301F-11D3-BF4B-00C04F79EFBC}") = "MyGram", "MyGram.csproj", "{298E44C6-015D-446C-A730-122C1D47DAA1}"
EndProject
Global
	GlobalSection(SolutionConfigurationPlatforms) = preSolution
		Debug|Any CPU = Debug|Any CPU
		Release|Any CPU = Release|Any CPU
	EndGlobalSection
	GlobalSection(ProjectConfigurationPlatforms) = postSolution
		{298E44C6-015D-446C-A730-122C1D47DAA1}.Debug|Any CPU.ActiveCfg = Debug|Any CPU
		{298E44C6-015D-446C-A730-122C1D47DAA1}.Debug|Any CPU.Build.0 = Debug|Any CPU
		{298E44C6-015D-446C-A730-122C1D47DAA1}.Release|Any CPU.ActiveCfg = Release|Any CPU
		{298E44C6-015D-446C-A730-122C1D47DAA1}.Release|Any CPU.Build.0 = Release|Any CPU
	EndGlobalSection
	GlobalSection(SolutionProperties) = preSolution
		HideSolutionNode = FALSE
	EndGlobalSection
	GlobalSection(ExtensibilityGlobals) = postSolution
		SolutionGuid = {45F30D27-31A8-4054-9631-CE3DDB5DC8DD}
	EndGlobalSection
EndGlobal
